
Microsoft Visual Studio Solution File, Format Version 12.00
# Visual Studio Version 16
VisualStudioVersion = 16.6.30114.105
MinimumVisualStudioVersion = 10.0.40219.1
Project("{2150E333-8FDC-42A3-9474-1A3956D46DE8}") = "refs", "refs", "{C1717D8B-B603-44B0-950E-48C25D5031D6}"
EndProject
Project("{FAE04EC0-301F-11D3-BF4B-00C04F79EFBC}") = "Vertical.ConsoleApplications", "..\src\Vertical.ConsoleApplications.csproj", "{A2344D87-4355-4B43-8F8F-DE3BBF34BCB6}"
EndProject
Project("{FAE04EC0-301F-11D3-BF4B-00C04F79EFBC}") = "BasicExample", "BasicExample\BasicExample.csproj", "{776DA1D1-957E-4DEB-B3D1-8C5D3B582541}"
EndProject
Project("{FAE04EC0-301F-11D3-BF4B-00C04F79EFBC}") = "Vertical.ConsoleApplications.Test", "..\test\Vertical.ConsoleApplications.Test.csproj", "{420DE5BA-F310-450B-B399-E46F30C878BC}"
EndProject
Global
	GlobalSection(SolutionConfigurationPlatforms) = preSolution
		Debug|Any CPU = Debug|Any CPU
		Debug|x64 = Debug|x64
		Debug|x86 = Debug|x86
		Release|Any CPU = Release|Any CPU
		Release|x64 = Release|x64
		Release|x86 = Release|x86
	EndGlobalSection
	GlobalSection(SolutionProperties) = preSolution
		HideSolutionNode = FALSE
	EndGlobalSection
	GlobalSection(ProjectConfigurationPlatforms) = postSolution
		{A2344D87-4355-4B43-8F8F-DE3BBF34BCB6}.Debug|Any CPU.ActiveCfg = Debug|Any CPU
		{A2344D87-4355-4B43-8F8F-DE3BBF34BCB6}.Debug|Any CPU.Build.0 = Debug|Any CPU
		{A2344D87-4355-4B43-8F8F-DE3BBF34BCB6}.Debug|x64.ActiveCfg = Debug|Any CPU
		{A2344D87-4355-4B43-8F8F-DE3BBF34BCB6}.Debug|x64.Build.0 = Debug|Any CPU
		{A2344D87-4355-4B43-8F8F-DE3BBF34BCB6}.Debug|x86.ActiveCfg = Debug|Any CPU
		{A2344D87-4355-4B43-8F8F-DE3BBF34BCB6}.Debug|x86.Build.0 = Debug|Any CPU
		{A2344D87-4355-4B43-8F8F-DE3BBF34BCB6}.Release|Any CPU.ActiveCfg = Release|Any CPU
		{A2344D87-4355-4B43-8F8F-DE3BBF34BCB6}.Release|Any CPU.Build.0 = Release|Any CPU
		{A2344D87-4355-4B43-8F8F-DE3BBF34BCB6}.Release|x64.ActiveCfg = Release|Any CPU
		{A2344D87-4355-4B43-8F8F-DE3BBF34BCB6}.Release|x64.Build.0 = Release|Any CPU
		{A2344D87-4355-4B43-8F8F-DE3BBF34BCB6}.Release|x86.ActiveCfg = Release|Any CPU
		{A2344D87-4355-4B43-8F8F-DE3BBF34BCB6}.Release|x86.Build.0 = Release|Any CPU
		{776DA1D1-957E-4DEB-B3D1-8C5D3B582541}.Debug|Any CPU.ActiveCfg = Debug|Any CPU
		{776DA1D1-957E-4DEB-B3D1-8C5D3B582541}.Debug|Any CPU.Build.0 = Debug|Any CPU
		{776DA1D1-957E-4DEB-B3D1-8C5D3B582541}.Debug|x64.ActiveCfg = Debug|Any CPU
		{776DA1D1-957E-4DEB-B3D1-8C5D3B582541}.Debug|x64.Build.0 = Debug|Any CPU
		{776DA1D1-957E-4DEB-B3D1-8C5D3B582541}.Debug|x86.ActiveCfg = Debug|Any CPU
		{776DA1D1-957E-4DEB-B3D1-8C5D3B582541}.Debug|x86.Build.0 = Debug|Any CPU
		{776DA1D1-957E-4DEB-B3D1-8C5D3B582541}.Release|Any CPU.ActiveCfg = Release|Any CPU
		{776DA1D1-957E-4DEB-B3D1-8C5D3B582541}.Release|Any CPU.Build.0 = Release|Any CPU
		{776DA1D1-957E-4DEB-B3D1-8C5D3B582541}.Release|x64.ActiveCfg = Release|Any CPU
		{776DA1D1-957E-4DEB-B3D1-8C5D3B582541}.Release|x64.Build.0 = Release|Any CPU
		{776DA1D1-957E-4DEB-B3D1-8C5D3B582541}.Release|x86.ActiveCfg = Release|Any CPU
		{776DA1D1-957E-4DEB-B3D1-8C5D3B582541}.Release|x86.Build.0 = Release|Any CPU
		{420DE5BA-F310-450B-B399-E46F30C878BC}.Debug|Any CPU.ActiveCfg = Debug|Any CPU
		{420DE5BA-F310-450B-B399-E46F30C878BC}.Debug|Any CPU.Build.0 = Debug|Any CPU
		{420DE5BA-F310-450B-B399-E46F30C878BC}.Debug|x64.ActiveCfg = Debug|Any CPU
		{420DE5BA-F310-450B-B399-E46F30C878BC}.Debug|x64.Build.0 = Debug|Any CPU
		{420DE5BA-F310-450B-B399-E46F30C878BC}.Debug|x86.ActiveCfg = Debug|Any CPU
		{420DE5BA-F310-450B-B399-E46F30C878BC}.Debug|x86.Build.0 = Debug|Any CPU
		{420DE5BA-F310-450B-B399-E46F30C878BC}.Release|Any CPU.ActiveCfg = Release|Any CPU
		{420DE5BA-F310-450B-B399-E46F30C878BC}.Release|Any CPU.Build.0 = Release|Any CPU
		{420DE5BA-F310-450B-B399-E46F30C878BC}.Release|x64.ActiveCfg = Release|Any CPU
		{420DE5BA-F310-450B-B399-E46F30C878BC}.Release|x64.Build.0 = Release|Any CPU
		{420DE5BA-F310-450B-B399-E46F30C878BC}.Release|x86.ActiveCfg = Release|Any CPU
		{420DE5BA-F310-450B-B399-E46F30C878BC}.Release|x86.Build.0 = Release|Any CPU
	EndGlobalSection
	GlobalSection(NestedProjects) = preSolution
		{A2344D87-4355-4B43-8F8F-DE3BBF34BCB6} = {C1717D8B-B603-44B0-950E-48C25D5031D6}
		{420DE5BA-F310-450B-B399-E46F30C878BC} = {C1717D8B-B603-44B0-950E-48C25D5031D6}
	EndGlobalSection
EndGlobal
