
Microsoft Visual Studio Solution File, Format Version 12.00
# Visual Studio Version 16
VisualStudioVersion = 16.6.30114.105
MinimumVisualStudioVersion = 10.0.40219.1
Project("{2150E333-8FDC-42A3-9474-1A3956D46DE8}") = "refs", "refs", "{C1717D8B-B603-44B0-950E-48C25D5031D6}"
EndProject
Project("{FAE04EC0-301F-11D3-BF4B-00C04F79EFBC}") = "Vertical.ConsoleApplications", "..\src\Vertical.ConsoleApplications.csproj", "{A2344D87-4355-4B43-8F8F-DE3BBF34BCB6}"
EndProject
Project("{FAE04EC0-301F-11D3-BF4B-00C04F79EFBC}") = "BasicExample", "BasicExample\BasicExample.csproj", "{776DA1D1-957E-4DEB-B3D1-8C5D3B582541}"
EndProject
Project("{FAE04EC0-301F-11D3-BF4B-00C04F79EFBC}") = "Vertical.ConsoleApplications.Test", "..\test\Vertical.ConsoleApplications.Test.csproj", "{420DE5BA-F310-450B-B399-E46F30C878BC}"
EndProject
Project("{FAE04EC0-301F-11D3-BF4B-00C04F79EFBC}") = "ArgumentPipeline", "ArgumentPipeline\ArgumentPipeline.csproj", "{85C76575-E07F-4AB1-B25B-5AC461C1B9F9}"
EndProject
Project("{FAE04EC0-301F-11D3-BF4B-00C04F79EFBC}") = "ArgumentProviders", "ArgumentProviders\ArgumentProviders.csproj", "{504BBCB7-9A3D-444C-945A-E11BCE1FB48D}"
EndProject
Project("{FAE04EC0-301F-11D3-BF4B-00C04F79EFBC}") = "InlineCommandRouting", "InlineCommandRouting\InlineCommandRouting.csproj", "{D5ED58DF-1377-48E3-991D-B2C651CECB29}"
EndProject
Project("{FAE04EC0-301F-11D3-BF4B-00C04F79EFBC}") = "HandlerCommandRouting", "HandlerCommandRouting\HandlerCommandRouting.csproj", "{5872483D-85AC-4297-8C7D-8FFF13D08492}"
EndProject
Project("{FAE04EC0-301F-11D3-BF4B-00C04F79EFBC}") = "FeatureSliceRouting", "FeatureSliceRouting\FeatureSliceRouting.csproj", "{A7403FEA-FBA6-4C9C-80C2-93D7ED217973}"
EndProject
Project("{FAE04EC0-301F-11D3-BF4B-00C04F79EFBC}") = "Vertical.Pipelines.DependencyInjection", "..\..\vertical-pipelines-dependencyinjection\src\Vertical.Pipelines.DependencyInjection.csproj", "{F7F3E854-52E8-49E1-A962-A0C76B748F5E}"
EndProject
Global
	GlobalSection(SolutionConfigurationPlatforms) = preSolution
		Debug|Any CPU = Debug|Any CPU
		Debug|x64 = Debug|x64
		Debug|x86 = Debug|x86
		Release|Any CPU = Release|Any CPU
		Release|x64 = Release|x64
		Release|x86 = Release|x86
	EndGlobalSection
	GlobalSection(SolutionProperties) = preSolution
		HideSolutionNode = FALSE
	EndGlobalSection
	GlobalSection(ProjectConfigurationPlatforms) = postSolution
		{A2344D87-4355-4B43-8F8F-DE3BBF34BCB6}.Debug|Any CPU.ActiveCfg = Debug|Any CPU
		{A2344D87-4355-4B43-8F8F-DE3BBF34BCB6}.Debug|Any CPU.Build.0 = Debug|Any CPU
		{A2344D87-4355-4B43-8F8F-DE3BBF34BCB6}.Debug|x64.ActiveCfg = Debug|Any CPU
		{A2344D87-4355-4B43-8F8F-DE3BBF34BCB6}.Debug|x64.Build.0 = Debug|Any CPU
		{A2344D87-4355-4B43-8F8F-DE3BBF34BCB6}.Debug|x86.ActiveCfg = Debug|Any CPU
		{A2344D87-4355-4B43-8F8F-DE3BBF34BCB6}.Debug|x86.Build.0 = Debug|Any CPU
		{A2344D87-4355-4B43-8F8F-DE3BBF34BCB6}.Release|Any CPU.ActiveCfg = Release|Any CPU
		{A2344D87-4355-4B43-8F8F-DE3BBF34BCB6}.Release|Any CPU.Build.0 = Release|Any CPU
		{A2344D87-4355-4B43-8F8F-DE3BBF34BCB6}.Release|x64.ActiveCfg = Release|Any CPU
		{A2344D87-4355-4B43-8F8F-DE3BBF34BCB6}.Release|x64.Build.0 = Release|Any CPU
		{A2344D87-4355-4B43-8F8F-DE3BBF34BCB6}.Release|x86.ActiveCfg = Release|Any CPU
		{A2344D87-4355-4B43-8F8F-DE3BBF34BCB6}.Release|x86.Build.0 = Release|Any CPU
		{776DA1D1-957E-4DEB-B3D1-8C5D3B582541}.Debug|Any CPU.ActiveCfg = Debug|Any CPU
		{776DA1D1-957E-4DEB-B3D1-8C5D3B582541}.Debug|Any CPU.Build.0 = Debug|Any CPU
		{776DA1D1-957E-4DEB-B3D1-8C5D3B582541}.Debug|x64.ActiveCfg = Debug|Any CPU
		{776DA1D1-957E-4DEB-B3D1-8C5D3B582541}.Debug|x64.Build.0 = Debug|Any CPU
		{776DA1D1-957E-4DEB-B3D1-8C5D3B582541}.Debug|x86.ActiveCfg = Debug|Any CPU
		{776DA1D1-957E-4DEB-B3D1-8C5D3B582541}.Debug|x86.Build.0 = Debug|Any CPU
		{776DA1D1-957E-4DEB-B3D1-8C5D3B582541}.Release|Any CPU.ActiveCfg = Release|Any CPU
		{776DA1D1-957E-4DEB-B3D1-8C5D3B582541}.Release|Any CPU.Build.0 = Release|Any CPU
		{776DA1D1-957E-4DEB-B3D1-8C5D3B582541}.Release|x64.ActiveCfg = Release|Any CPU
		{776DA1D1-957E-4DEB-B3D1-8C5D3B582541}.Release|x64.Build.0 = Release|Any CPU
		{776DA1D1-957E-4DEB-B3D1-8C5D3B582541}.Release|x86.ActiveCfg = Release|Any CPU
		{776DA1D1-957E-4DEB-B3D1-8C5D3B582541}.Release|x86.Build.0 = Release|Any CPU
		{420DE5BA-F310-450B-B399-E46F30C878BC}.Debug|Any CPU.ActiveCfg = Debug|Any CPU
		{420DE5BA-F310-450B-B399-E46F30C878BC}.Debug|Any CPU.Build.0 = Debug|Any CPU
		{420DE5BA-F310-450B-B399-E46F30C878BC}.Debug|x64.ActiveCfg = Debug|Any CPU
		{420DE5BA-F310-450B-B399-E46F30C878BC}.Debug|x64.Build.0 = Debug|Any CPU
		{420DE5BA-F310-450B-B399-E46F30C878BC}.Debug|x86.ActiveCfg = Debug|Any CPU
		{420DE5BA-F310-450B-B399-E46F30C878BC}.Debug|x86.Build.0 = Debug|Any CPU
		{420DE5BA-F310-450B-B399-E46F30C878BC}.Release|Any CPU.ActiveCfg = Release|Any CPU
		{420DE5BA-F310-450B-B399-E46F30C878BC}.Release|Any CPU.Build.0 = Release|Any CPU
		{420DE5BA-F310-450B-B399-E46F30C878BC}.Release|x64.ActiveCfg = Release|Any CPU
		{420DE5BA-F310-450B-B399-E46F30C878BC}.Release|x64.Build.0 = Release|Any CPU
		{420DE5BA-F310-450B-B399-E46F30C878BC}.Release|x86.ActiveCfg = Release|Any CPU
		{420DE5BA-F310-450B-B399-E46F30C878BC}.Release|x86.Build.0 = Release|Any CPU
		{85C76575-E07F-4AB1-B25B-5AC461C1B9F9}.Debug|Any CPU.ActiveCfg = Debug|Any CPU
		{85C76575-E07F-4AB1-B25B-5AC461C1B9F9}.Debug|Any CPU.Build.0 = Debug|Any CPU
		{85C76575-E07F-4AB1-B25B-5AC461C1B9F9}.Debug|x64.ActiveCfg = Debug|Any CPU
		{85C76575-E07F-4AB1-B25B-5AC461C1B9F9}.Debug|x64.Build.0 = Debug|Any CPU
		{85C76575-E07F-4AB1-B25B-5AC461C1B9F9}.Debug|x86.ActiveCfg = Debug|Any CPU
		{85C76575-E07F-4AB1-B25B-5AC461C1B9F9}.Debug|x86.Build.0 = Debug|Any CPU
		{85C76575-E07F-4AB1-B25B-5AC461C1B9F9}.Release|Any CPU.ActiveCfg = Release|Any CPU
		{85C76575-E07F-4AB1-B25B-5AC461C1B9F9}.Release|Any CPU.Build.0 = Release|Any CPU
		{85C76575-E07F-4AB1-B25B-5AC461C1B9F9}.Release|x64.ActiveCfg = Release|Any CPU
		{85C76575-E07F-4AB1-B25B-5AC461C1B9F9}.Release|x64.Build.0 = Release|Any CPU
		{85C76575-E07F-4AB1-B25B-5AC461C1B9F9}.Release|x86.ActiveCfg = Release|Any CPU
		{85C76575-E07F-4AB1-B25B-5AC461C1B9F9}.Release|x86.Build.0 = Release|Any CPU
		{504BBCB7-9A3D-444C-945A-E11BCE1FB48D}.Debug|Any CPU.ActiveCfg = Debug|Any CPU
		{504BBCB7-9A3D-444C-945A-E11BCE1FB48D}.Debug|Any CPU.Build.0 = Debug|Any CPU
		{504BBCB7-9A3D-444C-945A-E11BCE1FB48D}.Debug|x64.ActiveCfg = Debug|Any CPU
		{504BBCB7-9A3D-444C-945A-E11BCE1FB48D}.Debug|x64.Build.0 = Debug|Any CPU
		{504BBCB7-9A3D-444C-945A-E11BCE1FB48D}.Debug|x86.ActiveCfg = Debug|Any CPU
		{504BBCB7-9A3D-444C-945A-E11BCE1FB48D}.Debug|x86.Build.0 = Debug|Any CPU
		{504BBCB7-9A3D-444C-945A-E11BCE1FB48D}.Release|Any CPU.ActiveCfg = Release|Any CPU
		{504BBCB7-9A3D-444C-945A-E11BCE1FB48D}.Release|Any CPU.Build.0 = Release|Any CPU
		{504BBCB7-9A3D-444C-945A-E11BCE1FB48D}.Release|x64.ActiveCfg = Release|Any CPU
		{504BBCB7-9A3D-444C-945A-E11BCE1FB48D}.Release|x64.Build.0 = Release|Any CPU
		{504BBCB7-9A3D-444C-945A-E11BCE1FB48D}.Release|x86.ActiveCfg = Release|Any CPU
		{504BBCB7-9A3D-444C-945A-E11BCE1FB48D}.Release|x86.Build.0 = Release|Any CPU
		{D5ED58DF-1377-48E3-991D-B2C651CECB29}.Debug|Any CPU.ActiveCfg = Debug|Any CPU
		{D5ED58DF-1377-48E3-991D-B2C651CECB29}.Debug|Any CPU.Build.0 = Debug|Any CPU
		{D5ED58DF-1377-48E3-991D-B2C651CECB29}.Debug|x64.ActiveCfg = Debug|Any CPU
		{D5ED58DF-1377-48E3-991D-B2C651CECB29}.Debug|x64.Build.0 = Debug|Any CPU
		{D5ED58DF-1377-48E3-991D-B2C651CECB29}.Debug|x86.ActiveCfg = Debug|Any CPU
		{D5ED58DF-1377-48E3-991D-B2C651CECB29}.Debug|x86.Build.0 = Debug|Any CPU
		{D5ED58DF-1377-48E3-991D-B2C651CECB29}.Release|Any CPU.ActiveCfg = Release|Any CPU
		{D5ED58DF-1377-48E3-991D-B2C651CECB29}.Release|Any CPU.Build.0 = Release|Any CPU
		{D5ED58DF-1377-48E3-991D-B2C651CECB29}.Release|x64.ActiveCfg = Release|Any CPU
		{D5ED58DF-1377-48E3-991D-B2C651CECB29}.Release|x64.Build.0 = Release|Any CPU
		{D5ED58DF-1377-48E3-991D-B2C651CECB29}.Release|x86.ActiveCfg = Release|Any CPU
		{D5ED58DF-1377-48E3-991D-B2C651CECB29}.Release|x86.Build.0 = Release|Any CPU
		{5872483D-85AC-4297-8C7D-8FFF13D08492}.Debug|Any CPU.ActiveCfg = Debug|Any CPU
		{5872483D-85AC-4297-8C7D-8FFF13D08492}.Debug|Any CPU.Build.0 = Debug|Any CPU
		{5872483D-85AC-4297-8C7D-8FFF13D08492}.Debug|x64.ActiveCfg = Debug|Any CPU
		{5872483D-85AC-4297-8C7D-8FFF13D08492}.Debug|x64.Build.0 = Debug|Any CPU
		{5872483D-85AC-4297-8C7D-8FFF13D08492}.Debug|x86.ActiveCfg = Debug|Any CPU
		{5872483D-85AC-4297-8C7D-8FFF13D08492}.Debug|x86.Build.0 = Debug|Any CPU
		{5872483D-85AC-4297-8C7D-8FFF13D08492}.Release|Any CPU.ActiveCfg = Release|Any CPU
		{5872483D-85AC-4297-8C7D-8FFF13D08492}.Release|Any CPU.Build.0 = Release|Any CPU
		{5872483D-85AC-4297-8C7D-8FFF13D08492}.Release|x64.ActiveCfg = Release|Any CPU
		{5872483D-85AC-4297-8C7D-8FFF13D08492}.Release|x64.Build.0 = Release|Any CPU
		{5872483D-85AC-4297-8C7D-8FFF13D08492}.Release|x86.ActiveCfg = Release|Any CPU
		{5872483D-85AC-4297-8C7D-8FFF13D08492}.Release|x86.Build.0 = Release|Any CPU
		{A7403FEA-FBA6-4C9C-80C2-93D7ED217973}.Debug|Any CPU.ActiveCfg = Debug|Any CPU
		{A7403FEA-FBA6-4C9C-80C2-93D7ED217973}.Debug|Any CPU.Build.0 = Debug|Any CPU
		{A7403FEA-FBA6-4C9C-80C2-93D7ED217973}.Debug|x64.ActiveCfg = Debug|Any CPU
		{A7403FEA-FBA6-4C9C-80C2-93D7ED217973}.Debug|x64.Build.0 = Debug|Any CPU
		{A7403FEA-FBA6-4C9C-80C2-93D7ED217973}.Debug|x86.ActiveCfg = Debug|Any CPU
		{A7403FEA-FBA6-4C9C-80C2-93D7ED217973}.Debug|x86.Build.0 = Debug|Any CPU
		{A7403FEA-FBA6-4C9C-80C2-93D7ED217973}.Release|Any CPU.ActiveCfg = Release|Any CPU
		{A7403FEA-FBA6-4C9C-80C2-93D7ED217973}.Release|Any CPU.Build.0 = Release|Any CPU
		{A7403FEA-FBA6-4C9C-80C2-93D7ED217973}.Release|x64.ActiveCfg = Release|Any CPU
		{A7403FEA-FBA6-4C9C-80C2-93D7ED217973}.Release|x64.Build.0 = Release|Any CPU
		{A7403FEA-FBA6-4C9C-80C2-93D7ED217973}.Release|x86.ActiveCfg = Release|Any CPU
		{A7403FEA-FBA6-4C9C-80C2-93D7ED217973}.Release|x86.Build.0 = Release|Any CPU
		{F7F3E854-52E8-49E1-A962-A0C76B748F5E}.Debug|Any CPU.ActiveCfg = Debug|Any CPU
		{F7F3E854-52E8-49E1-A962-A0C76B748F5E}.Debug|Any CPU.Build.0 = Debug|Any CPU
		{F7F3E854-52E8-49E1-A962-A0C76B748F5E}.Debug|x64.ActiveCfg = Debug|Any CPU
		{F7F3E854-52E8-49E1-A962-A0C76B748F5E}.Debug|x64.Build.0 = Debug|Any CPU
		{F7F3E854-52E8-49E1-A962-A0C76B748F5E}.Debug|x86.ActiveCfg = Debug|Any CPU
		{F7F3E854-52E8-49E1-A962-A0C76B748F5E}.Debug|x86.Build.0 = Debug|Any CPU
		{F7F3E854-52E8-49E1-A962-A0C76B748F5E}.Release|Any CPU.ActiveCfg = Release|Any CPU
		{F7F3E854-52E8-49E1-A962-A0C76B748F5E}.Release|Any CPU.Build.0 = Release|Any CPU
		{F7F3E854-52E8-49E1-A962-A0C76B748F5E}.Release|x64.ActiveCfg = Release|Any CPU
		{F7F3E854-52E8-49E1-A962-A0C76B748F5E}.Release|x64.Build.0 = Release|Any CPU
		{F7F3E854-52E8-49E1-A962-A0C76B748F5E}.Release|x86.ActiveCfg = Release|Any CPU
		{F7F3E854-52E8-49E1-A962-A0C76B748F5E}.Release|x86.Build.0 = Release|Any CPU
	EndGlobalSection
	GlobalSection(NestedProjects) = preSolution
		{A2344D87-4355-4B43-8F8F-DE3BBF34BCB6} = {C1717D8B-B603-44B0-950E-48C25D5031D6}
		{420DE5BA-F310-450B-B399-E46F30C878BC} = {C1717D8B-B603-44B0-950E-48C25D5031D6}
		{F7F3E854-52E8-49E1-A962-A0C76B748F5E} = {C1717D8B-B603-44B0-950E-48C25D5031D6}
	EndGlobalSection
EndGlobal
